
Microsoft Visual Studio Solution File, Format Version 12.00
# Visual Studio Version 16
VisualStudioVersion = 16.0.30309.148
MinimumVisualStudioVersion = 10.0.40219.1
Project("{FAE04EC0-301F-11D3-BF4B-00C04F79EFBC}") = "PromedioNotas", "PromedioNotas\PromedioNotas.csproj", "{2FBBF105-6D57-4156-B94A-BEA7B103D66F}"
EndProject
Global
	GlobalSection(SolutionConfigurationPlatforms) = preSolution
		Debug|Any CPU = Debug|Any CPU
		Release|Any CPU = Release|Any CPU
	EndGlobalSection
	GlobalSection(ProjectConfigurationPlatforms) = postSolution
		{2FBBF105-6D57-4156-B94A-BEA7B103D66F}.Debug|Any CPU.ActiveCfg = Debug|Any CPU
		{2FBBF105-6D57-4156-B94A-BEA7B103D66F}.Debug|Any CPU.Build.0 = Debug|Any CPU
		{2FBBF105-6D57-4156-B94A-BEA7B103D66F}.Release|Any CPU.ActiveCfg = Release|Any CPU
		{2FBBF105-6D57-4156-B94A-BEA7B103D66F}.Release|Any CPU.Build.0 = Release|Any CPU
	EndGlobalSection
	GlobalSection(SolutionProperties) = preSolution
		HideSolutionNode = FALSE
	EndGlobalSection
	GlobalSection(ExtensibilityGlobals) = postSolution
		SolutionGuid = {838BFF89-0E2E-4F5A-8D7F-81B7AE536800}
	EndGlobalSection
EndGlobal
